schema: '2.0'
stages:
  prepare_data:
    cmd: python prepare_data.py
    deps:
    - path: data/raw.csv
      md5: e8c4560161dc3c8571b5b2db25be3294
      size: 124404
    - path: prepare_data.py
      md5: 048dd015043c4fdc07084602e238f79b
      size: 231
    outs:
    - path: mobile_data.csv
      md5: f8f98c47d193aa7754964c5e95bd32fc
      size: 64902
  train:
    cmd: python train.py
    deps:
    - path: mobile_data.csv
      md5: f8f98c47d193aa7754964c5e95bd32fc
      size: 64902
    - path: train.py
      md5: aaa5bfa62d77f750535a36fdaf262195
      size: 1664
    outs:
    - path: confusion_matrix.png
      md5: e1c0c2f70a69a20e8d2e5cd0007366af
      size: 21731
    - path: metrics.json
      md5: ee5bac0331018b9388129647e71fddb7
      size: 57
