schema: '2.0'
stages:
  prepare_data:
    cmd: python prepare_data.py
    deps:
    - path: data/raw.csv
      md5: e8c4560161dc3c8571b5b2db25be3294
      size: 122403
    - path: prepare_data.py
      md5: 048dd015043c4fdc07084602e238f79b
      size: 231
    outs:
    - path: mobile_data.csv
      md5: f8f98c47d193aa7754964c5e95bd32fc
      size: 64902
  train:
    cmd: python train.py
    deps:
    - path: mobile_data.csv
      md5: f8f98c47d193aa7754964c5e95bd32fc
      size: 64902
    - path: train.py
      md5: b9f10c77f795ed1e77198dd724058c17
      size: 1413
    outs:
    - path: confusion_matrix.png
      md5: b131ee665236cf3948b0a6c6f19d30e6
      size: 22436
    - path: metrics.json
      md5: 501ce46b27925c7e76efd6f81f6322c2
      size: 18
