schema: '2.0'
stages:
  prepare_data:
    cmd: python prepare_data.py
    deps:
    - path: data/raw.csv
      md5: e8c4560161dc3c8571b5b2db25be3294
      size: 124404
    - path: prepare_data.py
      md5: 048dd015043c4fdc07084602e238f79b
      size: 231
    outs:
    - path: mobile_data.csv
      md5: f8f98c47d193aa7754964c5e95bd32fc
      size: 64902
  train:
    cmd: python train.py
    deps:
    - path: mobile_data.csv
      md5: f8f98c47d193aa7754964c5e95bd32fc
      size: 64902
    - path: train.py
      md5: 056ec392c97a487fc6260442808d9955
      size: 1632
    outs:
    - path: confusion_matrix.png
      md5: 5195c53658ab30de046964c1562bb96a
      size: 22126
    - path: metrics.json
      md5: e516df7a87c9fd4c29ffde2dcd5fe03f
      size: 58
